
Microsoft Visual Studio Solution File, Format Version 12.00
# Visual Studio Version 17
VisualStudioVersion = 17.3.32819.101
MinimumVisualStudioVersion = 10.0.40219.1
Project("{FAE04EC0-301F-11D3-BF4B-00C04F79EFBC}") = "eTickets", "eTickets\eTickets.csproj", "{B20E2986-224D-4349-AE31-915C011CACB6}"
EndProject
Global
	GlobalSection(SolutionConfigurationPlatforms) = preSolution
		Debug|Any CPU = Debug|Any CPU
		Release|Any CPU = Release|Any CPU
	EndGlobalSection
	GlobalSection(ProjectConfigurationPlatforms) = postSolution
		{B20E2986-224D-4349-AE31-915C011CACB6}.Debug|Any CPU.ActiveCfg = Debug|Any CPU
		{B20E2986-224D-4349-AE31-915C011CACB6}.Debug|Any CPU.Build.0 = Debug|Any CPU
		{B20E2986-224D-4349-AE31-915C011CACB6}.Release|Any CPU.ActiveCfg = Release|Any CPU
		{B20E2986-224D-4349-AE31-915C011CACB6}.Release|Any CPU.Build.0 = Release|Any CPU
	EndGlobalSection
	GlobalSection(SolutionProperties) = preSolution
		HideSolutionNode = FALSE
	EndGlobalSection
	GlobalSection(ExtensibilityGlobals) = postSolution
		SolutionGuid = {CC4B884F-43C5-41AD-B3E5-30C6568B0BAE}
	EndGlobalSection
EndGlobal
